// !$*UTF8*$!
{
	archiveVersion = 1;
	classes = {
	};
	objectVersion = 46;
	objects = {

/* Begin PBXBuildFile section */
		067D9353A561BACE5FDEFCFA /* Pods_Bag_Fare.framework in Frameworks */ = {isa = PBXBuildFile; fileRef = D77043543C5CA43E5AEB9029 /* Pods_Bag_Fare.framework */; };
		613477851D73DC920084DD70 /* AppDelegate.swift in Sources */ = {isa = PBXBuildFile; fileRef = 613477841D73DC920084DD70 /* AppDelegate.swift */; };
		613477871D73DC920084DD70 /* ViewController.swift in Sources */ = {isa = PBXBuildFile; fileRef = 613477861D73DC920084DD70 /* ViewController.swift */; };
		6134778A1D73DC920084DD70 /* Main.storyboard in Resources */ = {isa = PBXBuildFile; fileRef = 613477881D73DC920084DD70 /* Main.storyboard */; };
		6134778C1D73DC920084DD70 /* Assets.xcassets in Resources */ = {isa = PBXBuildFile; fileRef = 6134778B1D73DC920084DD70 /* Assets.xcassets */; };
		6134778F1D73DC920084DD70 /* LaunchScreen.storyboard in Resources */ = {isa = PBXBuildFile; fileRef = 6134778D1D73DC920084DD70 /* LaunchScreen.storyboard */; };
		613477971D73DE490084DD70 /* MainViewController.swift in Sources */ = {isa = PBXBuildFile; fileRef = 613477961D73DE490084DD70 /* MainViewController.swift */; };
		61D42F901D7B622C00486CCB /* airlineList.swift in Sources */ = {isa = PBXBuildFile; fileRef = 61D42F8F1D7B622C00486CCB /* airlineList.swift */; };
		61D42F921D7B6DDC00486CCB /* GoogleService-Info.plist in Resources */ = {isa = PBXBuildFile; fileRef = 61D42F911D7B6DDC00486CCB /* GoogleService-Info.plist */; };
/* End PBXBuildFile section */

/* Begin PBXFileReference section */
		310DCEF3376CA8BDB8CFCF3B /* Pods-Bag Fare.debug.xcconfig */ = {isa = PBXFileReference; includeInIndex = 1; lastKnownFileType = text.xcconfig; name = "Pods-Bag Fare.debug.xcconfig"; path = "Pods/Target Support Files/Pods-Bag Fare/Pods-Bag Fare.debug.xcconfig"; sourceTree = "<group>"; };
		613477811D73DC920084DD70 /* Bag Fare.app */ = {isa = PBXFileReference; explicitFileType = wrapper.application; includeInIndex = 0; path = "Bag Fare.app"; sourceTree = BUILT_PRODUCTS_DIR; };
		613477841D73DC920084DD70 /* AppDelegate.swift */ = {isa = PBXFileReference; lastKnownFileType = sourcecode.swift; path = AppDelegate.swift; sourceTree = "<group>"; };
		613477861D73DC920084DD70 /* ViewController.swift */ = {isa = PBXFileReference; lastKnownFileType = sourcecode.swift; path = ViewController.swift; sourceTree = "<group>"; };
		613477891D73DC920084DD70 /* Base */ = {isa = PBXFileReference; lastKnownFileType = file.storyboard; name = Base; path = Base.lproj/Main.storyboard; sourceTree = "<group>"; };
		6134778B1D73DC920084DD70 /* Assets.xcassets */ = {isa = PBXFileReference; lastKnownFileType = folder.assetcatalog; path = Assets.xcassets; sourceTree = "<group>"; };
		6134778E1D73DC920084DD70 /* Base */ = {isa = PBXFileReference; lastKnownFileType = file.storyboard; name = Base; path = Base.lproj/LaunchScreen.storyboard; sourceTree = "<group>"; };
		613477901D73DC920084DD70 /* Info.plist */ = {isa = PBXFileReference; lastKnownFileType = text.plist.xml; path = Info.plist; sourceTree = "<group>"; };
		613477961D73DE490084DD70 /* MainViewController.swift */ = {isa = PBXFileReference; fileEncoding = 4; lastKnownFileType = sourcecode.swift; path = MainViewController.swift; sourceTree = "<group>"; };
		61D42F8F1D7B622C00486CCB /* airlineList.swift */ = {isa = PBXFileReference; fileEncoding = 4; lastKnownFileType = sourcecode.swift; path = airlineList.swift; sourceTree = "<group>"; };
		61D42F911D7B6DDC00486CCB /* GoogleService-Info.plist */ = {isa = PBXFileReference; fileEncoding = 4; lastKnownFileType = text.plist.xml; path = "GoogleService-Info.plist"; sourceTree = "<group>"; };
		827218C30242E7192FE56184 /* Pods-Bag Fare.release.xcconfig */ = {isa = PBXFileReference; includeInIndex = 1; lastKnownFileType = text.xcconfig; name = "Pods-Bag Fare.release.xcconfig"; path = "Pods/Target Support Files/Pods-Bag Fare/Pods-Bag Fare.release.xcconfig"; sourceTree = "<group>"; };
		D77043543C5CA43E5AEB9029 /* Pods_Bag_Fare.framework */ = {isa = PBXFileReference; explicitFileType = wrapper.framework; includeInIndex = 0; path = Pods_Bag_Fare.framework; sourceTree = BUILT_PRODUCTS_DIR; };
/* End PBXFileReference section */

/* Begin PBXFrameworksBuildPhase section */
		6134777E1D73DC920084DD70 /* Frameworks */ = {
			isa = PBXFrameworksBuildPhase;
			buildActionMask = 2147483647;
			files = (
				067D9353A561BACE5FDEFCFA /* Pods_Bag_Fare.framework in Frameworks */,
			);
			runOnlyForDeploymentPostprocessing = 0;
		};
/* End PBXFrameworksBuildPhase section */

/* Begin PBXGroup section */
		18C0867D6A244EAB8EB7A839 /* Frameworks */ = {
			isa = PBXGroup;
			children = (
				D77043543C5CA43E5AEB9029 /* Pods_Bag_Fare.framework */,
			);
			name = Frameworks;
			sourceTree = "<group>";
		};
		613477781D73DC920084DD70 = {
			isa = PBXGroup;
			children = (
				613477831D73DC920084DD70 /* Bag Fare */,
				613477821D73DC920084DD70 /* Products */,
				B2AE3A696FB461A7797186F7 /* Pods */,
				18C0867D6A244EAB8EB7A839 /* Frameworks */,
			);
			sourceTree = "<group>";
		};
		613477821D73DC920084DD70 /* Products */ = {
			isa = PBXGroup;
			children = (
				613477811D73DC920084DD70 /* Bag Fare.app */,
			);
			name = Products;
			sourceTree = "<group>";
		};
		613477831D73DC920084DD70 /* Bag Fare */ = {
			isa = PBXGroup;
			children = (
				613477841D73DC920084DD70 /* AppDelegate.swift */,
				613477861D73DC920084DD70 /* ViewController.swift */,
				613477881D73DC920084DD70 /* Main.storyboard */,
				61D42F8F1D7B622C00486CCB /* airlineList.swift */,
				613477961D73DE490084DD70 /* MainViewController.swift */,
				6134778B1D73DC920084DD70 /* Assets.xcassets */,
				6134778D1D73DC920084DD70 /* LaunchScreen.storyboard */,
				613477901D73DC920084DD70 /* Info.plist */,
				61D42F911D7B6DDC00486CCB /* GoogleService-Info.plist */,
			);
			path = "Bag Fare";
			sourceTree = "<group>";
		};
		B2AE3A696FB461A7797186F7 /* Pods */ = {
			isa = PBXGroup;
			children = (
				310DCEF3376CA8BDB8CFCF3B /* Pods-Bag Fare.debug.xcconfig */,
				827218C30242E7192FE56184 /* Pods-Bag Fare.release.xcconfig */,
			);
			name = Pods;
			sourceTree = "<group>";
		};
/* End PBXGroup section */

/* Begin PBXNativeTarget section */
		613477801D73DC920084DD70 /* Bag Fare */ = {
			isa = PBXNativeTarget;
			buildConfigurationList = 613477931D73DC920084DD70 /* Build configuration list for PBXNativeTarget "Bag Fare" */;
			buildPhases = (
				7574EE3092767C29026035F2 /* [CP] Check Pods Manifest.lock */,
				6134777D1D73DC920084DD70 /* Sources */,
				6134777E1D73DC920084DD70 /* Frameworks */,
				6134777F1D73DC920084DD70 /* Resources */,
				0ACEA6B19D2EF50C218D3724 /* [CP] Embed Pods Frameworks */,
				5BBCED86B457791BCC37E39E /* [CP] Copy Pods Resources */,
			);
			buildRules = (
			);
			dependencies = (
			);
			name = "Bag Fare";
			productName = "Bag Fare";
			productReference = 613477811D73DC920084DD70 /* Bag Fare.app */;
			productType = "com.apple.product-type.application";
		};
/* End PBXNativeTarget section */

/* Begin PBXProject section */
		613477791D73DC920084DD70 /* Project object */ = {
			isa = PBXProject;
			attributes = {
				LastSwiftUpdateCheck = 0730;
				LastUpgradeCheck = 0730;
				ORGANIZATIONNAME = "Edge Designs";
				TargetAttributes = {
					613477801D73DC920084DD70 = {
						CreatedOnToolsVersion = 7.3.1;
					};
				};
			};
			buildConfigurationList = 6134777C1D73DC920084DD70 /* Build configuration list for PBXProject "Bag Fare" */;
			compatibilityVersion = "Xcode 3.2";
			developmentRegion = English;
			hasScannedForEncodings = 0;
			knownRegions = (
				en,
				Base,
			);
			mainGroup = 613477781D73DC920084DD70;
			productRefGroup = 613477821D73DC920084DD70 /* Products */;
			projectDirPath = "";
			projectRoot = "";
			targets = (
				613477801D73DC920084DD70 /* Bag Fare */,
			);
		};
/* End PBXProject section */

/* Begin PBXResourcesBuildPhase section */
		6134777F1D73DC920084DD70 /* Resources */ = {
			isa = PBXResourcesBuildPhase;
			buildActionMask = 2147483647;
			files = (
				6134778F1D73DC920084DD70 /* LaunchScreen.storyboard in Resources */,
				61D42F921D7B6DDC00486CCB /* GoogleService-Info.plist in Resources */,
				6134778C1D73DC920084DD70 /* Assets.xcassets in Resources */,
				6134778A1D73DC920084DD70 /* Main.storyboard in Resources */,
			);
			runOnlyForDeploymentPostprocessing = 0;
		};
/* End PBXResourcesBuildPhase section */

/* Begin PBXShellScriptBuildPhase section */
		0ACEA6B19D2EF50C218D3724 /* [CP] Embed Pods Frameworks */ = {
			isa = PBXShellScriptBuildPhase;
			buildActionMask = 2147483647;
			files = (
			);
			inputPaths = (
			);
			name = "[CP] Embed Pods Frameworks";
			outputPaths = (
			);
			runOnlyForDeploymentPostprocessing = 0;
			shellPath = /bin/sh;
			shellScript = "\"${SRCROOT}/Pods/Target Support Files/Pods-Bag Fare/Pods-Bag Fare-frameworks.sh\"\n";
			showEnvVarsInLog = 0;
		};
		5BBCED86B457791BCC37E39E /* [CP] Copy Pods Resources */ = {
			isa = PBXShellScriptBuildPhase;
			buildActionMask = 2147483647;
			files = (
			);
			inputPaths = (
			);
			name = "[CP] Copy Pods Resources";
			outputPaths = (
			);
			runOnlyForDeploymentPostprocessing = 0;
			shellPath = /bin/sh;
			shellScript = "\"${SRCROOT}/Pods/Target Support Files/Pods-Bag Fare/Pods-Bag Fare-resources.sh\"\n";
			showEnvVarsInLog = 0;
		};
		7574EE3092767C29026035F2 /* [CP] Check Pods Manifest.lock */ = {
			isa = PBXShellScriptBuildPhase;
			buildActionMask = 2147483647;
			files = (
			);
			inputPaths = (
			);
			name = "[CP] Check Pods Manifest.lock";
			outputPaths = (
			);
			runOnlyForDeploymentPostprocessing = 0;
			shellPath = /bin/sh;
			shellScript = "diff \"${PODS_ROOT}/../Podfile.lock\" \"${PODS_ROOT}/Manifest.lock\" > /dev/null\nif [[ $? != 0 ]] ; then\n    cat << EOM\nerror: The sandbox is not in sync with the Podfile.lock. Run 'pod install' or update your CocoaPods installation.\nEOM\n    exit 1\nfi\n";
			showEnvVarsInLog = 0;
		};
/* End PBXShellScriptBuildPhase section */

/* Begin PBXSourcesBuildPhase section */
		6134777D1D73DC920084DD70 /* Sources */ = {
			isa = PBXSourcesBuildPhase;
			buildActionMask = 2147483647;
			files = (
				61D42F901D7B622C00486CCB /* airlineList.swift in Sources */,
				613477971D73DE490084DD70 /* MainViewController.swift in Sources */,
				613477871D73DC920084DD70 /* ViewController.swift in Sources */,
				613477851D73DC920084DD70 /* AppDelegate.swift in Sources */,
			);
			runOnlyForDeploymentPostprocessing = 0;
		};
/* End PBXSourcesBuildPhase section */

/* Begin PBXVariantGroup section */
		613477881D73DC920084DD70 /* Main.storyboard */ = {
			isa = PBXVariantGroup;
			children = (
				613477891D73DC920084DD70 /* Base */,
			);
			name = Main.storyboard;
			sourceTree = "<group>";
		};
		6134778D1D73DC920084DD70 /* LaunchScreen.storyboard */ = {
			isa = PBXVariantGroup;
			children = (
				6134778E1D73DC920084DD70 /* Base */,
			);
			name = LaunchScreen.storyboard;
			sourceTree = "<group>";
		};
/* End PBXVariantGroup section */

/* Begin XCBuildConfiguration section */
		613477911D73DC920084DD70 /* Debug */ = {
			isa = XCBuildConfiguration;
			buildSettings = {
				ALWAYS_SEARCH_USER_PATHS = NO;
				CLANG_ANALYZER_NONNULL = YES;
				CLANG_CXX_LANGUAGE_STANDARD = "gnu++0x";
				CLANG_CXX_LIBRARY = "libc++";
				CLANG_ENABLE_MODULES = YES;
				CLANG_ENABLE_OBJC_ARC = YES;
				CLANG_WARN_BOOL_CONVERSION = YES;
				CLANG_WARN_CONSTANT_CONVERSION = YES;
				CLANG_WARN_DIRECT_OBJC_ISA_USAGE = YES_ERROR;
				CLANG_WARN_EMPTY_BODY = YES;
				CLANG_WARN_ENUM_CONVERSION = YES;
				CLANG_WARN_INT_CONVERSION = YES;
				CLANG_WARN_OBJC_ROOT_CLASS = YES_ERROR;
				CLANG_WARN_UNREACHABLE_CODE = YES;
				CLANG_WARN__DUPLICATE_METHOD_MATCH = YES;
				"CODE_SIGN_IDENTITY[sdk=iphoneos*]" = "iPhone Developer";
				COPY_PHASE_STRIP = NO;
				DEBUG_INFORMATION_FORMAT = dwarf;
				ENABLE_STRICT_OBJC_MSGSEND = YES;
				ENABLE_TESTABILITY = YES;
				GCC_C_LANGUAGE_STANDARD = gnu99;
				GCC_DYNAMIC_NO_PIC = NO;
				GCC_NO_COMMON_BLOCKS = YES;
				GCC_OPTIMIZATION_LEVEL = 0;
				GCC_PREPROCESSOR_DEFINITIONS = (
					"DEBUG=1",
					"$(inherited)",
				);
				GCC_WARN_64_TO_32_BIT_CONVERSION = YES;
				GCC_WARN_ABOUT_RETURN_TYPE = YES_ERROR;
				GCC_WARN_UNDECLARED_SELECTOR = YES;
				GCC_WARN_UNINITIALIZED_AUTOS = YES_AGGRESSIVE;
				GCC_WARN_UNUSED_FUNCTION = YES;
				GCC_WARN_UNUSED_VARIABLE = YES;
				IPHONEOS_DEPLOYMENT_TARGET = 9.3;
				MTL_ENABLE_DEBUG_INFO = YES;
				ONLY_ACTIVE_ARCH = YES;
				SDKROOT = iphoneos;
				SWIFT_OPTIMIZATION_LEVEL = "-Onone";
				TARGETED_DEVICE_FAMILY = "1,2";
			};
			name = Debug;
		};
		613477921D73DC920084DD70 /* Release */ = {
			isa = XCBuildConfiguration;
			buildSettings = {
				ALWAYS_SEARCH_USER_PATHS = NO;
				CLANG_ANALYZER_NONNULL = YES;
				CLANG_CXX_LANGUAGE_STANDARD = "gnu++0x";
				CLANG_CXX_LIBRARY = "libc++";
				CLANG_ENABLE_MODULES = YES;
				CLANG_ENABLE_OBJC_ARC = YES;
				CLANG_WARN_BOOL_CONVERSION = YES;
				CLANG_WARN_CONSTANT_CONVERSION = YES;
				CLANG_WARN_DIRECT_OBJC_ISA_USAGE = YES_ERROR;
				CLANG_WARN_EMPTY_BODY = YES;
				CLANG_WARN_ENUM_CONVERSION = YES;
				CLANG_WARN_INT_CONVERSION = YES;
				CLANG_WARN_OBJC_ROOT_CLASS = YES_ERROR;
				CLANG_WARN_UNREACHABLE_CODE = YES;
				CLANG_WARN__DUPLICATE_METHOD_MATCH = YES;
				"CODE_SIGN_IDENTITY[sdk=iphoneos*]" = "iPhone Developer";
				COPY_PHASE_STRIP = NO;
				DEBUG_INFORMATION_FORMAT = "dwarf-with-dsym";
				ENABLE_NS_ASSERTIONS = NO;
				ENABLE_STRICT_OBJC_MSGSEND = YES;
				GCC_C_LANGUAGE_STANDARD = gnu99;
				GCC_NO_COMMON_BLOCKS = YES;
				GCC_WARN_64_TO_32_BIT_CONVERSION = YES;
				GCC_WARN_ABOUT_RETURN_TYPE = YES_ERROR;
				GCC_WARN_UNDECLARED_SELECTOR = YES;
				GCC_WARN_UNINITIALIZED_AUTOS = YES_AGGRESSIVE;
				GCC_WARN_UNUSED_FUNCTION = YES;
				GCC_WARN_UNUSED_VARIABLE = YES;
				IPHONEOS_DEPLOYMENT_TARGET = 9.3;
				MTL_ENABLE_DEBUG_INFO = NO;
				SDKROOT = iphoneos;
				TARGETED_DEVICE_FAMILY = "1,2";
				VALIDATE_PRODUCT = YES;
			};
			name = Release;
		};
		613477941D73DC920084DD70 /* Debug */ = {
			isa = XCBuildConfiguration;
			baseConfigurationReference = 310DCEF3376CA8BDB8CFCF3B /* Pods-Bag Fare.debug.xcconfig */;
			buildSettings = {
				ASSETCATALOG_COMPILER_APPICON_NAME = AppIcon;
				INFOPLIST_FILE = "Bag Fare/Info.plist";
				LD_RUNPATH_SEARCH_PATHS = "$(inherited) @executable_path/Frameworks";
				PRODUCT_BUNDLE_IDENTIFIER = "com.edgedesigns.Bag-Fare";
				PRODUCT_NAME = "$(TARGET_NAME)";
			};
			name = Debug;
		};
		613477951D73DC920084DD70 /* Release */ = {
			isa = XCBuildConfiguration;
			baseConfigurationReference = 827218C30242E7192FE56184 /* Pods-Bag Fare.release.xcconfig */;
			buildSettings = {
				ASSETCATALOG_COMPILER_APPICON_NAME = AppIcon;
				INFOPLIST_FILE = "Bag Fare/Info.plist";
				LD_RUNPATH_SEARCH_PATHS = "$(inherited) @executable_path/Frameworks";
				PRODUCT_BUNDLE_IDENTIFIER = "com.edgedesigns.Bag-Fare";
				PRODUCT_NAME = "$(TARGET_NAME)";
			};
			name = Release;
		};
/* End XCBuildConfiguration section */

/* Begin XCConfigurationList section */
		6134777C1D73DC920084DD70 /* Build configuration list for PBXProject "Bag Fare" */ = {
			isa = XCConfigurationList;
			buildConfigurations = (
				613477911D73DC920084DD70 /* Debug */,
				613477921D73DC920084DD70 /* Release */,
			);
			defaultConfigurationIsVisible = 0;
			defaultConfigurationName = Release;
		};
		613477931D73DC920084DD70 /* Build configuration list for PBXNativeTarget "Bag Fare" */ = {
			isa = XCConfigurationList;
			buildConfigurations = (
				613477941D73DC920084DD70 /* Debug */,
				613477951D73DC920084DD70 /* Release */,
			);
			defaultConfigurationIsVisible = 0;
			defaultConfigurationName = Release;
		};
/* End XCConfigurationList section */
	};
	rootObject = 613477791D73DC920084DD70 /* Project object */;
}
